{
  "meteor": {},
  "dependencies": {
    "basePackages": {
      "iron-router": {},
      "bootstrap3-less": {},
      "npm": {},
      "accounts-ui-bootstrap-3-blaze": {},
      "ace-embed": {
        "git": "https://github.com/denkhaus/meteor-ace-embed.git",
        "branch": "master"
      },
      "crypto-base64": {
        "git": "https://github.com/denkhaus/meteor-crypto-base64.git",
        "branch": "master"
      },
      "pnotify": {},
      "bootstrap-select": {},
      "fs": {}
    },
    "packages": {
      "iron-router": {
        "git": "https://github.com/EventedMind/iron-router.git",
        "tag": "v0.7.1",
        "commit": "d1ffb3f06ea4c112132b030f2eb1a70b81675ecb"
      },
      "bootstrap3-less": {
        "git": "https://github.com/eprochasson/bootstrap3-less",
        "tag": "v0.1.9",
        "commit": "5c812c4d7ce72917a065f0424c3cf54e5ff2d16a"
      },
      "npm": {
        "git": "https://github.com/arunoda/meteor-npm.git",
        "tag": "v0.2.6",
        "commit": "177ab6118de5bf8cffb19481343d5762ff7a2aaf"
      },
      "accounts-ui-bootstrap-3-blaze": {
        "git": "https://github.com/rajit/meteor-accounts-ui-bootstrap-3.git",
        "tag": "v0.3.7",
        "commit": "a40b15f4b6213040accec10df97a7793e3a25225"
      },
      "ace-embed": {
        "git": "https://github.com/denkhaus/meteor-ace-embed.git",
        "branch": "master",
        "commit": "1acb1ce3cec0e8e69fefebf3dbbd144668e4f6c5"
      },
      "crypto-base64": {
        "git": "https://github.com/denkhaus/meteor-crypto-base64.git",
        "branch": "master",
        "commit": "558657a7d51acf00d7a1581cdad594b2db20f901"
      },
      "pnotify": {
        "git": "https://github.com/kidovate/meteor-pnotify.git",
        "tag": "v2.0.6",
        "commit": "cbd0bb220d03b20b247e4a6a7bdfc3d2c8064216"
      },
      "bootstrap-select": {
        "git": "https://github.com/amrali/bootstrap-select-meteor.git",
        "tag": "v1.5.2",
        "commit": "61588ec8326987ded204724d85843eb6997cfcfb"
      },
      "fs": {
        "git": "https://github.com/peerlibrary/meteor-fs.git",
        "tag": "v0.1.2",
        "commit": "069d7fcaeb5df000a57238fde2785faf6dc1c37c"
      },
      "blaze-layout": {
        "git": "https://github.com/EventedMind/blaze-layout.git",
        "tag": "v0.2.4",
        "commit": "b40e9b0612329288d75cf52ad14a7da64bb8618f"
      },
      "crypto-base": {
        "git": "https://github.com/oortcloud/meteor-crypto-base.git",
        "tag": "v3.1.2.1",
        "commit": "5df8d82a0595553415bbfae2930c6ecbeece5794"
      },
      "assert": {
        "git": "https://github.com/peerlibrary/meteor-assert.git",
        "tag": "v0.2.3",
        "commit": "9c838fbf5053a9f4c9ea21cad8e2fef8f1374e7c"
      },
      "blocking": {
        "git": "https://github.com/peerlibrary/meteor-blocking.git",
        "tag": "v0.4.0",
        "commit": "e25a0be72e771b317b26d2bb5758c983bdcef23c"
      }
    }
  }
}
