{
  "meteor": {},
  "dependencies": {
    "basePackages": {
      "iron-router": {},
      "reactive-ace": {
        "git": "https://github.com/mad-eye/meteor-reactive-ace.git",
        "branch": "master"
      },
      "bootstrap3-less": {},
      "npm": {},
      "accounts-ui-bootstrap-3": {}
    },
    "packages": {
      "iron-router": {
        "git": "https://github.com/EventedMind/iron-router.git",
        "tag": "v0.7.1",
        "commit": "d1ffb3f06ea4c112132b030f2eb1a70b81675ecb"
      },
      "reactive-ace": {
        "git": "https://github.com/mad-eye/meteor-reactive-ace.git",
        "branch": "master",
        "commit": "869774ad51fdd130119df8cc03831172cab993f2"
      },
      "bootstrap3-less": {
        "git": "https://github.com/eprochasson/bootstrap3-less",
        "tag": "v0.1.9",
        "commit": "5c812c4d7ce72917a065f0424c3cf54e5ff2d16a"
      },
      "npm": {
        "git": "https://github.com/arunoda/meteor-npm.git",
        "tag": "v0.2.6",
        "commit": "177ab6118de5bf8cffb19481343d5762ff7a2aaf"
      },
      "accounts-ui-bootstrap-3": {
        "git": "https://github.com/mangasocial/meteor-accounts-ui-bootstrap-3.git",
        "tag": "v0.3.0-1",
        "commit": "93ffa5d0e325dc7026de89f6d90c178fa04bdd3a"
      },
      "blaze-layout": {
        "git": "https://github.com/EventedMind/blaze-layout.git",
        "tag": "v0.2.4",
        "commit": "b40e9b0612329288d75cf52ad14a7da64bb8618f"
      }
    }
  }
}
